
Microsoft Visual Studio Solution File, Format Version 12.00
# Visual Studio 15
VisualStudioVersion = 15.0.27130.2036
MinimumVisualStudioVersion = 10.0.40219.1
Project("{FAE04EC0-301F-11D3-BF4B-00C04F79EFBC}") = "ConsoleApp1", "ConsoleApp1\ConsoleApp1.csproj", "{7D673B66-7EA9-46CE-8348-D9D646249D64}"
EndProject
Global
	GlobalSection(SolutionConfigurationPlatforms) = preSolution
		Debug|Any CPU = Debug|Any CPU
		Release|Any CPU = Release|Any CPU
	EndGlobalSection
	GlobalSection(ProjectConfigurationPlatforms) = postSolution
		{7D673B66-7EA9-46CE-8348-D9D646249D64}.Debug|Any CPU.ActiveCfg = Debug|Any CPU
		{7D673B66-7EA9-46CE-8348-D9D646249D64}.Debug|Any CPU.Build.0 = Debug|Any CPU
		{7D673B66-7EA9-46CE-8348-D9D646249D64}.Release|Any CPU.ActiveCfg = Release|Any CPU
		{7D673B66-7EA9-46CE-8348-D9D646249D64}.Release|Any CPU.Build.0 = Release|Any CPU
	EndGlobalSection
	GlobalSection(SolutionProperties) = preSolution
		HideSolutionNode = FALSE
	EndGlobalSection
	GlobalSection(ExtensibilityGlobals) = postSolution
		SolutionGuid = {1EB38274-5636-4AFB-8623-332351A3AB4F}
	EndGlobalSection
EndGlobal
